
Microsoft Visual Studio Solution File, Format Version 12.00
# Visual Studio 15
VisualStudioVersion = 15.0.27703.2018
MinimumVisualStudioVersion = 10.0.40219.1
Project("{FAE04EC0-301F-11D3-BF4B-00C04F79EFBC}") = "SimpleStringCalculator", "SimpleStringCalculator\SimpleStringCalculator.csproj", "{0AE82053-D7BA-4BC9-B5FE-A16552A20F4D}"
EndProject
Project("{FAE04EC0-301F-11D3-BF4B-00C04F79EFBC}") = "CalculatorUnitTests", "CalculatorUnitTests\CalculatorUnitTests.csproj", "{A3E61001-0B39-4CDC-8A80-F4F0CFBA7887}"
EndProject
Global
	GlobalSection(SolutionConfigurationPlatforms) = preSolution
		Debug|Any CPU = Debug|Any CPU
		Release|Any CPU = Release|Any CPU
	EndGlobalSection
	GlobalSection(ProjectConfigurationPlatforms) = postSolution
		{0AE82053-D7BA-4BC9-B5FE-A16552A20F4D}.Debug|Any CPU.ActiveCfg = Debug|Any CPU
		{0AE82053-D7BA-4BC9-B5FE-A16552A20F4D}.Debug|Any CPU.Build.0 = Debug|Any CPU
		{0AE82053-D7BA-4BC9-B5FE-A16552A20F4D}.Release|Any CPU.ActiveCfg = Release|Any CPU
		{0AE82053-D7BA-4BC9-B5FE-A16552A20F4D}.Release|Any CPU.Build.0 = Release|Any CPU
		{A3E61001-0B39-4CDC-8A80-F4F0CFBA7887}.Debug|Any CPU.ActiveCfg = Debug|Any CPU
		{A3E61001-0B39-4CDC-8A80-F4F0CFBA7887}.Debug|Any CPU.Build.0 = Debug|Any CPU
		{A3E61001-0B39-4CDC-8A80-F4F0CFBA7887}.Release|Any CPU.ActiveCfg = Release|Any CPU
		{A3E61001-0B39-4CDC-8A80-F4F0CFBA7887}.Release|Any CPU.Build.0 = Release|Any CPU
	EndGlobalSection
	GlobalSection(SolutionProperties) = preSolution
		HideSolutionNode = FALSE
	EndGlobalSection
	GlobalSection(ExtensibilityGlobals) = postSolution
		SolutionGuid = {47DBAE94-090F-4AB8-A170-CDE7EC33DB46}
	EndGlobalSection
EndGlobal
